
Microsoft Visual Studio Solution File, Format Version 12.00
# Visual Studio Version 16
VisualStudioVersion = 16.0.31911.196
MinimumVisualStudioVersion = 10.0.40219.1
Project("{FAE04EC0-301F-11D3-BF4B-00C04F79EFBC}") = "BlazorTestAzurePlayer.Server", "BlazorTestAzurePlayer\Server\BlazorTestAzurePlayer.Server.csproj", "{2A62AF26-6242-4BD2-9762-594A5ED02C8A}"
EndProject
Project("{FAE04EC0-301F-11D3-BF4B-00C04F79EFBC}") = "BlazorTestAzurePlayer.Client", "BlazorTestAzurePlayer\Client\BlazorTestAzurePlayer.Client.csproj", "{01147BF8-8992-4A5F-B731-B48B1C42168A}"
EndProject
Project("{FAE04EC0-301F-11D3-BF4B-00C04F79EFBC}") = "BlazorTestAzurePlayer.Shared", "BlazorTestAzurePlayer\Shared\BlazorTestAzurePlayer.Shared.csproj", "{5E711BB0-1FFF-4BC7-A647-B30B7A3613D6}"
EndProject
Global
	GlobalSection(SolutionConfigurationPlatforms) = preSolution
		Debug|Any CPU = Debug|Any CPU
		Release|Any CPU = Release|Any CPU
	EndGlobalSection
	GlobalSection(ProjectConfigurationPlatforms) = postSolution
		{2A62AF26-6242-4BD2-9762-594A5ED02C8A}.Debug|Any CPU.ActiveCfg = Debug|Any CPU
		{2A62AF26-6242-4BD2-9762-594A5ED02C8A}.Debug|Any CPU.Build.0 = Debug|Any CPU
		{2A62AF26-6242-4BD2-9762-594A5ED02C8A}.Release|Any CPU.ActiveCfg = Release|Any CPU
		{2A62AF26-6242-4BD2-9762-594A5ED02C8A}.Release|Any CPU.Build.0 = Release|Any CPU
		{01147BF8-8992-4A5F-B731-B48B1C42168A}.Debug|Any CPU.ActiveCfg = Debug|Any CPU
		{01147BF8-8992-4A5F-B731-B48B1C42168A}.Debug|Any CPU.Build.0 = Debug|Any CPU
		{01147BF8-8992-4A5F-B731-B48B1C42168A}.Release|Any CPU.ActiveCfg = Release|Any CPU
		{01147BF8-8992-4A5F-B731-B48B1C42168A}.Release|Any CPU.Build.0 = Release|Any CPU
		{5E711BB0-1FFF-4BC7-A647-B30B7A3613D6}.Debug|Any CPU.ActiveCfg = Debug|Any CPU
		{5E711BB0-1FFF-4BC7-A647-B30B7A3613D6}.Debug|Any CPU.Build.0 = Debug|Any CPU
		{5E711BB0-1FFF-4BC7-A647-B30B7A3613D6}.Release|Any CPU.ActiveCfg = Release|Any CPU
		{5E711BB0-1FFF-4BC7-A647-B30B7A3613D6}.Release|Any CPU.Build.0 = Release|Any CPU
	EndGlobalSection
	GlobalSection(SolutionProperties) = preSolution
		HideSolutionNode = FALSE
	EndGlobalSection
	GlobalSection(ExtensibilityGlobals) = postSolution
		SolutionGuid = {6C2CB5F9-0AA9-424F-AF4C-EE948E619F82}
	EndGlobalSection
EndGlobal
